
Microsoft Visual Studio Solution File, Format Version 12.00
# Visual Studio 15
VisualStudioVersion = 15.0.28307.136
MinimumVisualStudioVersion = 10.0.40219.1
Project("{FAE04EC0-301F-11D3-BF4B-00C04F79EFBC}") = "LPS_API", "LPS_API\LPS_API.csproj", "{76FEF7D7-9376-455C-B746-A61C66043E69}"
EndProject
Project("{FAE04EC0-301F-11D3-BF4B-00C04F79EFBC}") = "LPS_DAL", "LPS_DAL\LPS_DAL.csproj", "{7F6F164B-8221-4039-A4B0-9B3EB04ACAA3}"
EndProject
Project("{FAE04EC0-301F-11D3-BF4B-00C04F79EFBC}") = "LPS_BLL", "LPS_BLL\LPS_BLL.csproj", "{BFC2BFF8-3156-454C-A2EC-B21BDEFE6F55}"
EndProject
Global
	GlobalSection(SolutionConfigurationPlatforms) = preSolution
		Debug|Any CPU = Debug|Any CPU
		Release|Any CPU = Release|Any CPU
	EndGlobalSection
	GlobalSection(ProjectConfigurationPlatforms) = postSolution
		{76FEF7D7-9376-455C-B746-A61C66043E69}.Debug|Any CPU.ActiveCfg = Debug|Any CPU
		{76FEF7D7-9376-455C-B746-A61C66043E69}.Debug|Any CPU.Build.0 = Debug|Any CPU
		{76FEF7D7-9376-455C-B746-A61C66043E69}.Release|Any CPU.ActiveCfg = Release|Any CPU
		{76FEF7D7-9376-455C-B746-A61C66043E69}.Release|Any CPU.Build.0 = Release|Any CPU
		{7F6F164B-8221-4039-A4B0-9B3EB04ACAA3}.Debug|Any CPU.ActiveCfg = Debug|Any CPU
		{7F6F164B-8221-4039-A4B0-9B3EB04ACAA3}.Debug|Any CPU.Build.0 = Debug|Any CPU
		{7F6F164B-8221-4039-A4B0-9B3EB04ACAA3}.Release|Any CPU.ActiveCfg = Release|Any CPU
		{7F6F164B-8221-4039-A4B0-9B3EB04ACAA3}.Release|Any CPU.Build.0 = Release|Any CPU
		{BFC2BFF8-3156-454C-A2EC-B21BDEFE6F55}.Debug|Any CPU.ActiveCfg = Debug|Any CPU
		{BFC2BFF8-3156-454C-A2EC-B21BDEFE6F55}.Debug|Any CPU.Build.0 = Debug|Any CPU
		{BFC2BFF8-3156-454C-A2EC-B21BDEFE6F55}.Release|Any CPU.ActiveCfg = Release|Any CPU
		{BFC2BFF8-3156-454C-A2EC-B21BDEFE6F55}.Release|Any CPU.Build.0 = Release|Any CPU
	EndGlobalSection
	GlobalSection(SolutionProperties) = preSolution
		HideSolutionNode = FALSE
	EndGlobalSection
	GlobalSection(ExtensibilityGlobals) = postSolution
		SolutionGuid = {7B8C1772-EACC-4A20-9DDD-8E14E448E537}
	EndGlobalSection
	GlobalSection(TeamFoundationVersionControl) = preSolution
		SccNumberOfProjects = 4
		SccEnterpriseProvider = {4CA58AB2-18FA-4F8D-95D4-32DDF27D184C}
		SccTeamFoundationServer = https://pdsiproject.visualstudio.com/
		SccLocalPath0 = .
		SccProjectUniqueName1 = LPS_API\\LPS_API.csproj
		SccProjectName1 = LPS_API
		SccLocalPath1 = LPS_API
		SccProjectUniqueName2 = LPS_DAL\\LPS_DAL.csproj
		SccProjectName2 = LPS_DAL
		SccLocalPath2 = LPS_DAL
		SccProjectUniqueName3 = LPS_BLL\\LPS_BLL.csproj
		SccProjectName3 = LPS_BLL
		SccLocalPath3 = LPS_BLL
	EndGlobalSection
EndGlobal
